
Microsoft Visual Studio Solution File, Format Version 12.00
# Visual Studio Version 17
VisualStudioVersion = 17.14.37203.1 d17.14
MinimumVisualStudioVersion = 10.0.40219.1
Project("{FAE04EC0-301F-11D3-BF4B-00C04F79EFBC}") = "SU_MCatalog_Exam", "SU_MCatalog_Exam\SU_MCatalog_Exam.csproj", "{E1FDD0C1-9B62-4688-B0E8-0802825B863E}"
EndProject
Global
	GlobalSection(SolutionConfigurationPlatforms) = preSolution
		Debug|Any CPU = Debug|Any CPU
		Release|Any CPU = Release|Any CPU
	EndGlobalSection
	GlobalSection(ProjectConfigurationPlatforms) = postSolution
		{E1FDD0C1-9B62-4688-B0E8-0802825B863E}.Debug|Any CPU.ActiveCfg = Debug|Any CPU
		{E1FDD0C1-9B62-4688-B0E8-0802825B863E}.Debug|Any CPU.Build.0 = Debug|Any CPU
		{E1FDD0C1-9B62-4688-B0E8-0802825B863E}.Release|Any CPU.ActiveCfg = Release|Any CPU
		{E1FDD0C1-9B62-4688-B0E8-0802825B863E}.Release|Any CPU.Build.0 = Release|Any CPU
	EndGlobalSection
	GlobalSection(SolutionProperties) = preSolution
		HideSolutionNode = FALSE
	EndGlobalSection
	GlobalSection(ExtensibilityGlobals) = postSolution
		SolutionGuid = {6947D405-5681-44CA-99AD-312EB0D16621}
	EndGlobalSection
EndGlobal
